Microsoft Visual Studio Solution File, Format Version 12.00
# Visual Studio Version 17
VisualStudioVersion = 17.5.2.0
MinimumVisualStudioVersion = 10.0.40219.1
Project("{2150E333-8FDC-42A3-9474-1A3956D46DE8}") = "backend2", "backend2", "{93B54B87-9EBF-2E61-1F91-0A5D12DCAE96}"
EndProject
Project("{FAE04EC0-301F-11D3-BF4B-00C04F79EFBC}") = "EventoAPI", "backend2\EventoAPI.csproj", "{46B011CD-9E5B-0880-89C0-E3363E032F25}"
EndProject
Global
	GlobalSection(SolutionConfigurationPlatforms) = preSolution
		Debug|Any CPU = Debug|Any CPU
		Release|Any CPU = Release|Any CPU
	EndGlobalSection
	GlobalSection(ProjectConfigurationPlatforms) = postSolution
		{46B011CD-9E5B-0880-89C0-E3363E032F25}.Debug|Any CPU.ActiveCfg = Debug|Any CPU
		{46B011CD-9E5B-0880-89C0-E3363E032F25}.Debug|Any CPU.Build.0 = Debug|Any CPU
		{46B011CD-9E5B-0880-89C0-E3363E032F25}.Release|Any CPU.ActiveCfg = Release|Any CPU
		{46B011CD-9E5B-0880-89C0-E3363E032F25}.Release|Any CPU.Build.0 = Release|Any CPU
	EndGlobalSection
	GlobalSection(SolutionProperties) = preSolution
		HideSolutionNode = FALSE
	EndGlobalSection
	GlobalSection(NestedProjects) = preSolution
		{46B011CD-9E5B-0880-89C0-E3363E032F25} = {93B54B87-9EBF-2E61-1F91-0A5D12DCAE96}
	EndGlobalSection
	GlobalSection(ExtensibilityGlobals) = postSolution
		SolutionGuid = {B6FB36F2-5606-4B92-954A-8BA4A0514F6E}
	EndGlobalSection
EndGlobal
